
Microsoft Visual Studio Solution File, Format Version 12.00
# Visual Studio Version 17
VisualStudioVersion = 17.7.34221.43
MinimumVisualStudioVersion = 10.0.40219.1
Project("{9A19103F-16F7-4668-BE54-9A1E7A4F7556}") = "NetConf2023.Client", "NetConf2023.Client\NetConf2023.Client.csproj", "{97CADCDA-009A-4F20-B78E-1C8C8340E6D8}"
EndProject
Project("{9A19103F-16F7-4668-BE54-9A1E7A4F7556}") = "NetConf2023.Pagination", "NetConf2023.Pagination\NetConf2023.Pagination.csproj", "{2B473101-E2F8-470E-9E08-ADF4ECAA5B15}"
EndProject
Project("{9A19103F-16F7-4668-BE54-9A1E7A4F7556}") = "NetConf2023.Shared", "NetConf2023.Shared\NetConf2023.Shared.csproj", "{ADF466E8-810F-4E97-B4ED-4D53339A2641}"
EndProject
Project("{9A19103F-16F7-4668-BE54-9A1E7A4F7556}") = "NetConf2023.Api", "NetConf2023.Api\NetConf2023.Api.csproj", "{D6727258-1593-4C36-907F-02270F0CE5F7}"
EndProject
Global
	GlobalSection(SolutionConfigurationPlatforms) = preSolution
		Debug|Any CPU = Debug|Any CPU
		Release|Any CPU = Release|Any CPU
	EndGlobalSection
	GlobalSection(ProjectConfigurationPlatforms) = postSolution
		{97CADCDA-009A-4F20-B78E-1C8C8340E6D8}.Debug|Any CPU.ActiveCfg = Debug|Any CPU
		{97CADCDA-009A-4F20-B78E-1C8C8340E6D8}.Debug|Any CPU.Build.0 = Debug|Any CPU
		{97CADCDA-009A-4F20-B78E-1C8C8340E6D8}.Release|Any CPU.ActiveCfg = Release|Any CPU
		{97CADCDA-009A-4F20-B78E-1C8C8340E6D8}.Release|Any CPU.Build.0 = Release|Any CPU
		{2B473101-E2F8-470E-9E08-ADF4ECAA5B15}.Debug|Any CPU.ActiveCfg = Debug|Any CPU
		{2B473101-E2F8-470E-9E08-ADF4ECAA5B15}.Debug|Any CPU.Build.0 = Debug|Any CPU
		{2B473101-E2F8-470E-9E08-ADF4ECAA5B15}.Release|Any CPU.ActiveCfg = Release|Any CPU
		{2B473101-E2F8-470E-9E08-ADF4ECAA5B15}.Release|Any CPU.Build.0 = Release|Any CPU
		{ADF466E8-810F-4E97-B4ED-4D53339A2641}.Debug|Any CPU.ActiveCfg = Debug|Any CPU
		{ADF466E8-810F-4E97-B4ED-4D53339A2641}.Debug|Any CPU.Build.0 = Debug|Any CPU
		{ADF466E8-810F-4E97-B4ED-4D53339A2641}.Release|Any CPU.ActiveCfg = Release|Any CPU
		{ADF466E8-810F-4E97-B4ED-4D53339A2641}.Release|Any CPU.Build.0 = Release|Any CPU
		{D6727258-1593-4C36-907F-02270F0CE5F7}.Debug|Any CPU.ActiveCfg = Debug|Any CPU
		{D6727258-1593-4C36-907F-02270F0CE5F7}.Debug|Any CPU.Build.0 = Debug|Any CPU
		{D6727258-1593-4C36-907F-02270F0CE5F7}.Release|Any CPU.ActiveCfg = Release|Any CPU
		{D6727258-1593-4C36-907F-02270F0CE5F7}.Release|Any CPU.Build.0 = Release|Any CPU
	EndGlobalSection
	GlobalSection(SolutionProperties) = preSolution
		HideSolutionNode = FALSE
	EndGlobalSection
	GlobalSection(ExtensibilityGlobals) = postSolution
		SolutionGuid = {24307726-0133-4F6F-A071-8F260319D0D1}
	EndGlobalSection
EndGlobal
