
Microsoft Visual Studio Solution File, Format Version 12.00
# Visual Studio Version 17
VisualStudioVersion = 17.7.34221.43
MinimumVisualStudioVersion = 10.0.40219.1
Project("{9A19103F-16F7-4668-BE54-9A1E7A4F7556}") = "BlazorPagination.Shared", "Shared\BlazorPagination.Shared.csproj", "{A0572E88-2AFD-4A9D-ABDD-91CB298964A6}"
EndProject
Project("{9A19103F-16F7-4668-BE54-9A1E7A4F7556}") = "BlazorPagination.Client", "Client\BlazorPagination.Client.csproj", "{CCA07074-6231-40F3-8D12-575A8C08301E}"
EndProject
Project("{9A19103F-16F7-4668-BE54-9A1E7A4F7556}") = "BlazorPagination.Api", "Api\BlazorPagination.Api.csproj", "{38E2C745-FBF2-43E1-92E1-E820D3FA4BF1}"
EndProject
Project("{FAE04EC0-301F-11D3-BF4B-00C04F79EFBC}") = "NetConf2023.Pagination", "NetConf2023.Pagination\NetConf2023.Pagination.csproj", "{20A24520-6271-4DC0-B4E0-403FC722BB1A}"
EndProject
Global
	GlobalSection(SolutionConfigurationPlatforms) = preSolution
		Debug|Any CPU = Debug|Any CPU
		Release|Any CPU = Release|Any CPU
	EndGlobalSection
	GlobalSection(ProjectConfigurationPlatforms) = postSolution
		{A0572E88-2AFD-4A9D-ABDD-91CB298964A6}.Debug|Any CPU.ActiveCfg = Debug|Any CPU
		{A0572E88-2AFD-4A9D-ABDD-91CB298964A6}.Debug|Any CPU.Build.0 = Debug|Any CPU
		{A0572E88-2AFD-4A9D-ABDD-91CB298964A6}.Release|Any CPU.ActiveCfg = Release|Any CPU
		{A0572E88-2AFD-4A9D-ABDD-91CB298964A6}.Release|Any CPU.Build.0 = Release|Any CPU
		{CCA07074-6231-40F3-8D12-575A8C08301E}.Debug|Any CPU.ActiveCfg = Debug|Any CPU
		{CCA07074-6231-40F3-8D12-575A8C08301E}.Debug|Any CPU.Build.0 = Debug|Any CPU
		{CCA07074-6231-40F3-8D12-575A8C08301E}.Release|Any CPU.ActiveCfg = Release|Any CPU
		{CCA07074-6231-40F3-8D12-575A8C08301E}.Release|Any CPU.Build.0 = Release|Any CPU
		{38E2C745-FBF2-43E1-92E1-E820D3FA4BF1}.Debug|Any CPU.ActiveCfg = Debug|Any CPU
		{38E2C745-FBF2-43E1-92E1-E820D3FA4BF1}.Debug|Any CPU.Build.0 = Debug|Any CPU
		{38E2C745-FBF2-43E1-92E1-E820D3FA4BF1}.Release|Any CPU.ActiveCfg = Release|Any CPU
		{38E2C745-FBF2-43E1-92E1-E820D3FA4BF1}.Release|Any CPU.Build.0 = Release|Any CPU
		{20A24520-6271-4DC0-B4E0-403FC722BB1A}.Debug|Any CPU.ActiveCfg = Debug|Any CPU
		{20A24520-6271-4DC0-B4E0-403FC722BB1A}.Debug|Any CPU.Build.0 = Debug|Any CPU
		{20A24520-6271-4DC0-B4E0-403FC722BB1A}.Release|Any CPU.ActiveCfg = Release|Any CPU
		{20A24520-6271-4DC0-B4E0-403FC722BB1A}.Release|Any CPU.Build.0 = Release|Any CPU
	EndGlobalSection
	GlobalSection(SolutionProperties) = preSolution
		HideSolutionNode = FALSE
	EndGlobalSection
	GlobalSection(ExtensibilityGlobals) = postSolution
		SolutionGuid = {24307726-0133-4F6F-A071-8F260319D0D1}
	EndGlobalSection
EndGlobal
